PODS:
  - Alamofire (4.4.0)
  - Kingfisher (3.10.0)
  - ObjectMapper (2.2.7)
  - OHHTTPStubs (6.0.0):
    - OHHTTPStubs/Default (= 6.0.0)
  - OHHTTPStubs/Core (6.0.0)
  - OHHTTPStubs/Default (6.0.0):
    - OHHTTPStubs/Core
    - OHHTTPStubs/JSON
    - OHHTTPStubs/NSURLSession
    - OHHTTPStubs/OHPathHelpers
  - OHHTTPStubs/JSON (6.0.0):
    - OHHTTPStubs/Core
  - OHHTTPStubs/NSURLSession (6.0.0):
    - OHHTTPStubs/Core
  - OHHTTPStubs/OHPathHelpers (6.0.0)
  - OHHTTPStubs/Swift (6.0.0):
    - OHHTTPStubs/Default
  - Reqres (2.0.0)
  - Reveal-SDK (8)

DEPENDENCIES:
  - Alamofire
  - Kingfisher
  - ObjectMapper
  - OHHTTPStubs
  - OHHTTPStubs/Swift
  - Reqres
  - Reveal-SDK

SPEC CHECKSUMS:
  Alamofire: dc44b1600b800eb63da6a19039a0083d62a6a62d
  Kingfisher: 43a129d0f8cafa667224bd7130d7bc8ccb8c7751
  ObjectMapper: 65abcfd9a61cf7396cbd14a4fb22fddfcc46577e
  OHHTTPStubs: 752f9b11fd810a15162d50f11c06ff94f8e012eb
  Reqres: 7027a575c1539c9635ff11ecf04d49cdf30a2f0a
  Reveal-SDK: 43be4e662864e937960d0d04d005135e29c4e53b

PODFILE CHECKSUM: fee4d0917a7947218004ee0d1f73e44ccd2551d9

COCOAPODS: 1.2.1
