// !$*UTF8*$!
{
	archiveVersion = 1;
	classes = {
	};
	objectVersion = 48;
	objects = {

/* Begin PBXBuildFile section */
		362C0E321F33DD94006B836A /* search.json in Resources */ = {isa = PBXBuildFile; fileRef = 36A20A261ED1DE5400443230 /* search.json */; };
		362C0E331F33DD97006B836A /* top_rated_page_2.json in Resources */ = {isa = PBXBuildFile; fileRef = 365DC8711E5B6600005327AB /* top_rated_page_2.json */; };
		362C0E341F33DD9B006B836A /* top_rated_page_1.json in Resources */ = {isa = PBXBuildFile; fileRef = 365DC82E1E5A1E53005327AB /* top_rated_page_1.json */; };
		362C0E351F33DD9E006B836A /* Stubber.swift in Sources */ = {isa = PBXBuildFile; fileRef = 365DC8301E5A2149005327AB /* Stubber.swift */; };
		365DC8221E5A099D005327AB /* Assets.xcassets in Resources */ = {isa = PBXBuildFile; fileRef = 365DC81F1E5A099D005327AB /* Assets.xcassets */; };
		365DC8241E5A099D005327AB /* LaunchScreen.storyboard in Resources */ = {isa = PBXBuildFile; fileRef = 365DC8211E5A099D005327AB /* LaunchScreen.storyboard */; };
		365DC82B1E5A1DDD005327AB /* TopRatedMoviesRequest.swift in Sources */ = {isa = PBXBuildFile; fileRef = 365DC82A1E5A1DDD005327AB /* TopRatedMoviesRequest.swift */; };
		365DC82F1E5A1E53005327AB /* top_rated_page_1.json in Resources */ = {isa = PBXBuildFile; fileRef = 365DC82E1E5A1E53005327AB /* top_rated_page_1.json */; };
		365DC8311E5A2149005327AB /* Stubber.swift in Sources */ = {isa = PBXBuildFile; fileRef = 365DC8301E5A2149005327AB /* Stubber.swift */; };
		365DC8361E5A2A10005327AB /* AppDelegate.swift in Sources */ = {isa = PBXBuildFile; fileRef = 365DC8351E5A2A10005327AB /* AppDelegate.swift */; };
		365DC8381E5A2A37005327AB /* AppRouter.swift in Sources */ = {isa = PBXBuildFile; fileRef = 365DC8371E5A2A37005327AB /* AppRouter.swift */; };
		365DC83C1E5A2BE1005327AB /* TopMoviesViewController.swift in Sources */ = {isa = PBXBuildFile; fileRef = 365DC83B1E5A2BE1005327AB /* TopMoviesViewController.swift */; };
		365DC83E1E5A2C06005327AB /* TopMovies.storyboard in Resources */ = {isa = PBXBuildFile; fileRef = 365DC83D1E5A2C06005327AB /* TopMovies.storyboard */; };
		365DC8421E5A2C5D005327AB /* NibLoadable.swift in Sources */ = {isa = PBXBuildFile; fileRef = 365DC8411E5A2C5D005327AB /* NibLoadable.swift */; };
		365DC8441E5A2C84005327AB /* StoryboardLoadable.swift in Sources */ = {isa = PBXBuildFile; fileRef = 365DC8431E5A2C84005327AB /* StoryboardLoadable.swift */; };
		365DC8461E5A2C93005327AB /* Instantiatable.swift in Sources */ = {isa = PBXBuildFile; fileRef = 365DC8451E5A2C93005327AB /* Instantiatable.swift */; };
		365DC8481E5A2D12005327AB /* Constants+StoryboardName.swift in Sources */ = {isa = PBXBuildFile; fileRef = 365DC8471E5A2D12005327AB /* Constants+StoryboardName.swift */; };
		365DC84C1E5A2DC3005327AB /* TextStyle.swift in Sources */ = {isa = PBXBuildFile; fileRef = 365DC84B1E5A2DC3005327AB /* TextStyle.swift */; };
		365DC84E1E5A2E81005327AB /* Color.swift in Sources */ = {isa = PBXBuildFile; fileRef = 365DC84D1E5A2E81005327AB /* Color.swift */; };
		365DC8501E5A2F17005327AB /* Font.swift in Sources */ = {isa = PBXBuildFile; fileRef = 365DC84F1E5A2F17005327AB /* Font.swift */; };
		365DC8561E5A31DE005327AB /* ReuseIdentifier.swift in Sources */ = {isa = PBXBuildFile; fileRef = 365DC8551E5A31DE005327AB /* ReuseIdentifier.swift */; };
		365DC8581E5A33BF005327AB /* TopMoviesViewModel.swift in Sources */ = {isa = PBXBuildFile; fileRef = 365DC8571E5A33BF005327AB /* TopMoviesViewModel.swift */; };
		365DC85C1E5A3667005327AB /* LoadingTableViewCell.swift in Sources */ = {isa = PBXBuildFile; fileRef = 365DC85A1E5A3667005327AB /* LoadingTableViewCell.swift */; };
		365DC85D1E5A3667005327AB /* LoadingTableViewCell.xib in Resources */ = {isa = PBXBuildFile; fileRef = 365DC85B1E5A3667005327AB /* LoadingTableViewCell.xib */; };
		365DC8621E5A3892005327AB /* CollectionChange.swift in Sources */ = {isa = PBXBuildFile; fileRef = 365DC8611E5A3892005327AB /* CollectionChange.swift */; };
		365DC8641E5A38BF005327AB /* UITableView+CollectionChange.swift in Sources */ = {isa = PBXBuildFile; fileRef = 365DC8631E5A38BF005327AB /* UITableView+CollectionChange.swift */; };
		365DC8681E5A39B7005327AB /* ActivityTracker.swift in Sources */ = {isa = PBXBuildFile; fileRef = 365DC8671E5A39B7005327AB /* ActivityTracker.swift */; };
		365DC86C1E5B5E6B005327AB /* PaginatedListSection.swift in Sources */ = {isa = PBXBuildFile; fileRef = 365DC86B1E5B5E6B005327AB /* PaginatedListSection.swift */; };
		365DC8701E5B609A005327AB /* TopMoviesTests.swift in Sources */ = {isa = PBXBuildFile; fileRef = 365DC86F1E5B609A005327AB /* TopMoviesTests.swift */; };
		365DC8721E5B6600005327AB /* top_rated_page_2.json in Resources */ = {isa = PBXBuildFile; fileRef = 365DC8711E5B6600005327AB /* top_rated_page_2.json */; };
		367A59DE1E59DD9600F3268A /* MovieDatabaseClient.swift in Sources */ = {isa = PBXBuildFile; fileRef = 367A59DD1E59DD9600F3268A /* MovieDatabaseClient.swift */; };
		367A59E21E59DF5000F3268A /* HTTPMethod.swift in Sources */ = {isa = PBXBuildFile; fileRef = 367A59E11E59DF5000F3268A /* HTTPMethod.swift */; };
		367A59E41E59DF6900F3268A /* Result.swift in Sources */ = {isa = PBXBuildFile; fileRef = 367A59E31E59DF6900F3268A /* Result.swift */; };
		367A59E61E59DF8700F3268A /* Response.swift in Sources */ = {isa = PBXBuildFile; fileRef = 367A59E51E59DF8700F3268A /* Response.swift */; };
		367A59E81E59DF9A00F3268A /* Request.swift in Sources */ = {isa = PBXBuildFile; fileRef = 367A59E71E59DF9A00F3268A /* Request.swift */; };
		367A59EA1E59E32100F3268A /* URLEncoding.swift in Sources */ = {isa = PBXBuildFile; fileRef = 367A59E91E59E32100F3268A /* URLEncoding.swift */; };
		367A59ED1E59E45600F3268A /* MovieDatabaseClientTests.swift in Sources */ = {isa = PBXBuildFile; fileRef = 367A59EC1E59E45600F3268A /* MovieDatabaseClientTests.swift */; };
		367A59F91E59E73B00F3268A /* Movie.swift in Sources */ = {isa = PBXBuildFile; fileRef = 367A59F81E59E73B00F3268A /* Movie.swift */; };
		367A59FD1E59EA8700F3268A /* ImageURLTransform.swift in Sources */ = {isa = PBXBuildFile; fileRef = 367A59FC1E59EA8700F3268A /* ImageURLTransform.swift */; };
		367A5A011E59EFC600F3268A /* DateFormatter+CustomFormatting.swift in Sources */ = {isa = PBXBuildFile; fileRef = 367A5A001E59EFC600F3268A /* DateFormatter+CustomFormatting.swift */; };
		367A5A041E59F09000F3268A /* Constants.swift in Sources */ = {isa = PBXBuildFile; fileRef = 367A5A031E59F09000F3268A /* Constants.swift */; };
		367A5A061E59F1B100F3268A /* DateTransform.swift in Sources */ = {isa = PBXBuildFile; fileRef = 367A5A051E59F1B100F3268A /* DateTransform.swift */; };
		367A5A081E59F36900F3268A /* PaginatedResponse.swift in Sources */ = {isa = PBXBuildFile; fileRef = 367A5A071E59F36900F3268A /* PaginatedResponse.swift */; };
		369C80131EAF2FB7008B37DD /* MovieDetail.storyboard in Resources */ = {isa = PBXBuildFile; fileRef = 369C80121EAF2FB7008B37DD /* MovieDetail.storyboard */; };
		369C80151EAF32AE008B37DD /* MovieDetailViewController.swift in Sources */ = {isa = PBXBuildFile; fileRef = 369C80141EAF32AE008B37DD /* MovieDetailViewController.swift */; };
		369C80171EAF3392008B37DD /* MovieDetailViewModel.swift in Sources */ = {isa = PBXBuildFile; fileRef = 369C80161EAF3392008B37DD /* MovieDetailViewModel.swift */; };
		369C80191EAF3531008B37DD /* TopMoviesRouter.swift in Sources */ = {isa = PBXBuildFile; fileRef = 369C80181EAF3531008B37DD /* TopMoviesRouter.swift */; };
		36A209E41ECF269800443230 /* MovieListViewController.swift in Sources */ = {isa = PBXBuildFile; fileRef = 36A209E31ECF269800443230 /* MovieListViewController.swift */; };
		36A209E71ECF27A400443230 /* MovieListTableViewCell.swift in Sources */ = {isa = PBXBuildFile; fileRef = 36A209E51ECF27A400443230 /* MovieListTableViewCell.swift */; };
		36A209EA1ECF27E400443230 /* MovieListTableViewCell.xib in Resources */ = {isa = PBXBuildFile; fileRef = 36A209E91ECF27E400443230 /* MovieListTableViewCell.xib */; };
		36A209EC1ECF298200443230 /* MovieListViewModel.swift in Sources */ = {isa = PBXBuildFile; fileRef = 36A209EB1ECF298200443230 /* MovieListViewModel.swift */; };
		36A209EE1ECF29FD00443230 /* MovieListState.swift in Sources */ = {isa = PBXBuildFile; fileRef = 36A209ED1ECF29FD00443230 /* MovieListState.swift */; };
		36A209F01ECF2B7A00443230 /* MovieListRouter.swift in Sources */ = {isa = PBXBuildFile; fileRef = 36A209EF1ECF2B7A00443230 /* MovieListRouter.swift */; };
		36A209F31ECF30DF00443230 /* Root.storyboard in Resources */ = {isa = PBXBuildFile; fileRef = 36A209F21ECF30DF00443230 /* Root.storyboard */; };
		36A209F51ECF311E00443230 /* RootTabBarController.swift in Sources */ = {isa = PBXBuildFile; fileRef = 36A209F41ECF311E00443230 /* RootTabBarController.swift */; };
		36A209F81ECF33F700443230 /* Localization.swift in Sources */ = {isa = PBXBuildFile; fileRef = 36A209F71ECF33F700443230 /* Localization.swift */; };
		36A209FB1ECF342B00443230 /* Common.strings in Resources */ = {isa = PBXBuildFile; fileRef = 36A209FA1ECF342B00443230 /* Common.strings */; };
		36A209FD1ECF345000443230 /* TopMovies.strings in Resources */ = {isa = PBXBuildFile; fileRef = 36A209FC1ECF345000443230 /* TopMovies.strings */; };
		36A20A001ECF3C7600443230 /* Search.storyboard in Resources */ = {isa = PBXBuildFile; fileRef = 36A209FF1ECF3C7600443230 /* Search.storyboard */; };
		36A20A021ECF3D6B00443230 /* SearchViewController.swift in Sources */ = {isa = PBXBuildFile; fileRef = 36A20A011ECF3D6B00443230 /* SearchViewController.swift */; };
		36A20A041ECF403000443230 /* SearchViewModel.swift in Sources */ = {isa = PBXBuildFile; fileRef = 36A20A031ECF403000443230 /* SearchViewModel.swift */; };
		36A20A071ECF40B000443230 /* SearchMoviesRequest.swift in Sources */ = {isa = PBXBuildFile; fileRef = 36A20A061ECF40B000443230 /* SearchMoviesRequest.swift */; };
		36A20A271ED1DE5400443230 /* search.json in Resources */ = {isa = PBXBuildFile; fileRef = 36A20A261ED1DE5400443230 /* search.json */; };
		36A20A2A1ED1DE7300443230 /* SearchTests.swift in Sources */ = {isa = PBXBuildFile; fileRef = 36A20A291ED1DE7300443230 /* SearchTests.swift */; };
		36A20A2C1ED1DE8D00443230 /* LastSearchesManager.swift in Sources */ = {isa = PBXBuildFile; fileRef = 36A20A2B1ED1DE8D00443230 /* LastSearchesManager.swift */; };
		36A20A2E1ED1FF8B00443230 /* LastSearchesTests.swift in Sources */ = {isa = PBXBuildFile; fileRef = 36A20A2D1ED1FF8B00443230 /* LastSearchesTests.swift */; };
		36A20A301ED2103400443230 /* LastSearchesDataSource.swift in Sources */ = {isa = PBXBuildFile; fileRef = 36A20A2F1ED2103400443230 /* LastSearchesDataSource.swift */; };
		36A20A321ED210DD00443230 /* LastSearchesTableViewCell.swift in Sources */ = {isa = PBXBuildFile; fileRef = 36A20A311ED210DD00443230 /* LastSearchesTableViewCell.swift */; };
		36A20A341ED217AC00443230 /* LastSearchesDelegate.swift in Sources */ = {isa = PBXBuildFile; fileRef = 36A20A331ED217AC00443230 /* LastSearchesDelegate.swift */; };
		36A20A361ED21B4E00443230 /* SearchRouter.swift in Sources */ = {isa = PBXBuildFile; fileRef = 36A20A351ED21B4E00443230 /* SearchRouter.swift */; };
		36A20A381ED2225100443230 /* Search.strings in Resources */ = {isa = PBXBuildFile; fileRef = 36A20A371ED2225100443230 /* Search.strings */; };
		66FEAA6E9B84AA35CFBCAADF /* Pods_PremierSwiftTests.framework in Frameworks */ = {isa = PBXBuildFile; fileRef = 8B9C369123972A74E9983451 /* Pods_PremierSwiftTests.framework */; };
		AF76C92BBF39A5D0C5A80234 /* Pods_Premier.framework in Frameworks */ = {isa = PBXBuildFile; fileRef = 2C497685D35B324AD418CAB5 /* Pods_Premier.framework */; };
		BF37A6BE4F7184F3D66D2537 /* Pods_PremierTests.framework in Frameworks */ = {isa = PBXBuildFile; fileRef = 461835A4F421C3DAC0D858A0 /* Pods_PremierTests.framework */; };
/* End PBXBuildFile section */

/* Begin PBXContainerItemProxy section */
		F840A5F11D945CF9009325F7 /* PBXContainerItemProxy */ = {
			isa = PBXContainerItemProxy;
			containerPortal = F840A5D41D945CF8009325F7 /* Project object */;
			proxyType = 1;
			remoteGlobalIDString = F840A5DB1D945CF8009325F7;
			remoteInfo = PremierSwift;
		};
/* End PBXContainerItemProxy section */

/* Begin PBXFileReference section */
		0E874585AA1E6485D5616D1D /* Pods_PremierSwift.framework */ = {isa = PBXFileReference; explicitFileType = wrapper.framework; includeInIndex = 0; path = Pods_PremierSwift.framework; sourceTree = BUILT_PRODUCTS_DIR; };
		2C497685D35B324AD418CAB5 /* Pods_Premier.framework */ = {isa = PBXFileReference; explicitFileType = wrapper.framework; includeInIndex = 0; path = Pods_Premier.framework; sourceTree = BUILT_PRODUCTS_DIR; };
		365DC81F1E5A099D005327AB /* Assets.xcassets */ = {isa = PBXFileReference; lastKnownFileType = folder.assetcatalog; path = Assets.xcassets; sourceTree = "<group>"; };
		365DC8201E5A099D005327AB /* Info.plist */ = {isa = PBXFileReference; fileEncoding = 4; lastKnownFileType = text.plist.xml; path = Info.plist; sourceTree = "<group>"; };
		365DC8211E5A099D005327AB /* LaunchScreen.storyboard */ = {isa = PBXFileReference; fileEncoding = 4; lastKnownFileType = file.storyboard; path = LaunchScreen.storyboard; sourceTree = "<group>"; };
		365DC8261E5A0F96005327AB /* Info.plist */ = {isa = PBXFileReference; fileEncoding = 4; lastKnownFileType = text.plist.xml; path = Info.plist; sourceTree = "<group>"; };
		365DC82A1E5A1DDD005327AB /* TopRatedMoviesRequest.swift */ = {isa = PBXFileReference; fileEncoding = 4; lastKnownFileType = sourcecode.swift; path = TopRatedMoviesRequest.swift; sourceTree = "<group>"; };
		365DC82E1E5A1E53005327AB /* top_rated_page_1.json */ = {isa = PBXFileReference; fileEncoding = 4; lastKnownFileType = text.json; path = top_rated_page_1.json; sourceTree = "<group>"; };
		365DC8301E5A2149005327AB /* Stubber.swift */ = {isa = PBXFileReference; fileEncoding = 4; lastKnownFileType = sourcecode.swift; path = Stubber.swift; sourceTree = "<group>"; };
		365DC8351E5A2A10005327AB /* AppDelegate.swift */ = {isa = PBXFileReference; fileEncoding = 4; lastKnownFileType = sourcecode.swift; path = AppDelegate.swift; sourceTree = "<group>"; };
		365DC8371E5A2A37005327AB /* AppRouter.swift */ = {isa = PBXFileReference; fileEncoding = 4; lastKnownFileType = sourcecode.swift; path = AppRouter.swift; sourceTree = "<group>"; };
		365DC83B1E5A2BE1005327AB /* TopMoviesViewController.swift */ = {isa = PBXFileReference; fileEncoding = 4; lastKnownFileType = sourcecode.swift; path = TopMoviesViewController.swift; sourceTree = "<group>"; };
		365DC83D1E5A2C06005327AB /* TopMovies.storyboard */ = {isa = PBXFileReference; fileEncoding = 4; lastKnownFileType = file.storyboard; path = TopMovies.storyboard; sourceTree = "<group>"; };
		365DC8411E5A2C5D005327AB /* NibLoadable.swift */ = {isa = PBXFileReference; fileEncoding = 4; lastKnownFileType = sourcecode.swift; path = NibLoadable.swift; sourceTree = "<group>"; };
		365DC8431E5A2C84005327AB /* StoryboardLoadable.swift */ = {isa = PBXFileReference; fileEncoding = 4; lastKnownFileType = sourcecode.swift; path = StoryboardLoadable.swift; sourceTree = "<group>"; };
		365DC8451E5A2C93005327AB /* Instantiatable.swift */ = {isa = PBXFileReference; fileEncoding = 4; lastKnownFileType = sourcecode.swift; path = Instantiatable.swift; sourceTree = "<group>"; };
		365DC8471E5A2D12005327AB /* Constants+StoryboardName.swift */ = {isa = PBXFileReference; fileEncoding = 4; lastKnownFileType = sourcecode.swift; path = "Constants+StoryboardName.swift"; sourceTree = "<group>"; };
		365DC84B1E5A2DC3005327AB /* TextStyle.swift */ = {isa = PBXFileReference; fileEncoding = 4; lastKnownFileType = sourcecode.swift; path = TextStyle.swift; sourceTree = "<group>"; };
		365DC84D1E5A2E81005327AB /* Color.swift */ = {isa = PBXFileReference; fileEncoding = 4; lastKnownFileType = sourcecode.swift; path = Color.swift; sourceTree = "<group>"; };
		365DC84F1E5A2F17005327AB /* Font.swift */ = {isa = PBXFileReference; fileEncoding = 4; lastKnownFileType = sourcecode.swift; path = Font.swift; sourceTree = "<group>"; };
		365DC8551E5A31DE005327AB /* ReuseIdentifier.swift */ = {isa = PBXFileReference; fileEncoding = 4; lastKnownFileType = sourcecode.swift; path = ReuseIdentifier.swift; sourceTree = "<group>"; };
		365DC8571E5A33BF005327AB /* TopMoviesViewModel.swift */ = {isa = PBXFileReference; fileEncoding = 4; lastKnownFileType = sourcecode.swift; path = TopMoviesViewModel.swift; sourceTree = "<group>"; };
		365DC85A1E5A3667005327AB /* LoadingTableViewCell.swift */ = {isa = PBXFileReference; fileEncoding = 4; lastKnownFileType = sourcecode.swift; path = LoadingTableViewCell.swift; sourceTree = "<group>"; };
		365DC85B1E5A3667005327AB /* LoadingTableViewCell.xib */ = {isa = PBXFileReference; fileEncoding = 4; lastKnownFileType = file.xib; path = LoadingTableViewCell.xib; sourceTree = "<group>"; };
		365DC8611E5A3892005327AB /* CollectionChange.swift */ = {isa = PBXFileReference; fileEncoding = 4; lastKnownFileType = sourcecode.swift; path = CollectionChange.swift; sourceTree = "<group>"; };
		365DC8631E5A38BF005327AB /* UITableView+CollectionChange.swift */ = {isa = PBXFileReference; fileEncoding = 4; lastKnownFileType = sourcecode.swift; path = "UITableView+CollectionChange.swift"; sourceTree = "<group>"; };
		365DC8671E5A39B7005327AB /* ActivityTracker.swift */ = {isa = PBXFileReference; fileEncoding = 4; lastKnownFileType = sourcecode.swift; path = ActivityTracker.swift; sourceTree = "<group>"; };
		365DC86B1E5B5E6B005327AB /* PaginatedListSection.swift */ = {isa = PBXFileReference; fileEncoding = 4; lastKnownFileType = sourcecode.swift; path = PaginatedListSection.swift; sourceTree = "<group>"; };
		365DC86F1E5B609A005327AB /* TopMoviesTests.swift */ = {isa = PBXFileReference; fileEncoding = 4; lastKnownFileType = sourcecode.swift; path = TopMoviesTests.swift; sourceTree = "<group>"; };
		365DC8711E5B6600005327AB /* top_rated_page_2.json */ = {isa = PBXFileReference; fileEncoding = 4; lastKnownFileType = text.json; path = top_rated_page_2.json; sourceTree = "<group>"; };
		367A59DD1E59DD9600F3268A /* MovieDatabaseClient.swift */ = {isa = PBXFileReference; fileEncoding = 4; lastKnownFileType = sourcecode.swift; path = MovieDatabaseClient.swift; sourceTree = "<group>"; };
		367A59E11E59DF5000F3268A /* HTTPMethod.swift */ = {isa = PBXFileReference; fileEncoding = 4; lastKnownFileType = sourcecode.swift; path = HTTPMethod.swift; sourceTree = "<group>"; };
		367A59E31E59DF6900F3268A /* Result.swift */ = {isa = PBXFileReference; fileEncoding = 4; lastKnownFileType = sourcecode.swift; path = Result.swift; sourceTree = "<group>"; };
		367A59E51E59DF8700F3268A /* Response.swift */ = {isa = PBXFileReference; fileEncoding = 4; lastKnownFileType = sourcecode.swift; path = Response.swift; sourceTree = "<group>"; };
		367A59E71E59DF9A00F3268A /* Request.swift */ = {isa = PBXFileReference; fileEncoding = 4; lastKnownFileType = sourcecode.swift; path = Request.swift; sourceTree = "<group>"; };
		367A59E91E59E32100F3268A /* URLEncoding.swift */ = {isa = PBXFileReference; fileEncoding = 4; lastKnownFileType = sourcecode.swift; path = URLEncoding.swift; sourceTree = "<group>"; };
		367A59EC1E59E45600F3268A /* MovieDatabaseClientTests.swift */ = {isa = PBXFileReference; fileEncoding = 4; lastKnownFileType = sourcecode.swift; path = MovieDatabaseClientTests.swift; sourceTree = "<group>"; };
		367A59F81E59E73B00F3268A /* Movie.swift */ = {isa = PBXFileReference; fileEncoding = 4; lastKnownFileType = sourcecode.swift; path = Movie.swift; sourceTree = "<group>"; };
		367A59FC1E59EA8700F3268A /* ImageURLTransform.swift */ = {isa = PBXFileReference; fileEncoding = 4; lastKnownFileType = sourcecode.swift; path = ImageURLTransform.swift; sourceTree = "<group>"; };
		367A5A001E59EFC600F3268A /* DateFormatter+CustomFormatting.swift */ = {isa = PBXFileReference; fileEncoding = 4; lastKnownFileType = sourcecode.swift; path = "DateFormatter+CustomFormatting.swift"; sourceTree = "<group>"; };
		367A5A031E59F09000F3268A /* Constants.swift */ = {isa = PBXFileReference; fileEncoding = 4; lastKnownFileType = sourcecode.swift; path = Constants.swift; sourceTree = "<group>"; };
		367A5A051E59F1B100F3268A /* DateTransform.swift */ = {isa = PBXFileReference; fileEncoding = 4; lastKnownFileType = sourcecode.swift; path = DateTransform.swift; sourceTree = "<group>"; };
		367A5A071E59F36900F3268A /* PaginatedResponse.swift */ = {isa = PBXFileReference; fileEncoding = 4; lastKnownFileType = sourcecode.swift; path = PaginatedResponse.swift; sourceTree = "<group>"; };
		369C80121EAF2FB7008B37DD /* MovieDetail.storyboard */ = {isa = PBXFileReference; fileEncoding = 4; lastKnownFileType = file.storyboard; path = MovieDetail.storyboard; sourceTree = "<group>"; };
		369C80141EAF32AE008B37DD /* MovieDetailViewController.swift */ = {isa = PBXFileReference; fileEncoding = 4; lastKnownFileType = sourcecode.swift; path = MovieDetailViewController.swift; sourceTree = "<group>"; };
		369C80161EAF3392008B37DD /* MovieDetailViewModel.swift */ = {isa = PBXFileReference; fileEncoding = 4; lastKnownFileType = sourcecode.swift; path = MovieDetailViewModel.swift; sourceTree = "<group>"; };
		369C80181EAF3531008B37DD /* TopMoviesRouter.swift */ = {isa = PBXFileReference; fileEncoding = 4; lastKnownFileType = sourcecode.swift; path = TopMoviesRouter.swift; sourceTree = "<group>"; };
		36A209E31ECF269800443230 /* MovieListViewController.swift */ = {isa = PBXFileReference; fileEncoding = 4; lastKnownFileType = sourcecode.swift; path = MovieListViewController.swift; sourceTree = "<group>"; };
		36A209E51ECF27A400443230 /* MovieListTableViewCell.swift */ = {isa = PBXFileReference; fileEncoding = 4; lastKnownFileType = sourcecode.swift; path = MovieListTableViewCell.swift; sourceTree = "<group>"; };
		36A209E91ECF27E400443230 /* MovieListTableViewCell.xib */ = {isa = PBXFileReference; fileEncoding = 4; lastKnownFileType = file.xib; path = MovieListTableViewCell.xib; sourceTree = "<group>"; };
		36A209EB1ECF298200443230 /* MovieListViewModel.swift */ = {isa = PBXFileReference; fileEncoding = 4; lastKnownFileType = sourcecode.swift; path = MovieListViewModel.swift; sourceTree = "<group>"; };
		36A209ED1ECF29FD00443230 /* MovieListState.swift */ = {isa = PBXFileReference; fileEncoding = 4; lastKnownFileType = sourcecode.swift; path = MovieListState.swift; sourceTree = "<group>"; };
		36A209EF1ECF2B7A00443230 /* MovieListRouter.swift */ = {isa = PBXFileReference; fileEncoding = 4; lastKnownFileType = sourcecode.swift; path = MovieListRouter.swift; sourceTree = "<group>"; };
		36A209F21ECF30DF00443230 /* Root.storyboard */ = {isa = PBXFileReference; fileEncoding = 4; lastKnownFileType = file.storyboard; path = Root.storyboard; sourceTree = "<group>"; };
		36A209F41ECF311E00443230 /* RootTabBarController.swift */ = {isa = PBXFileReference; fileEncoding = 4; lastKnownFileType = sourcecode.swift; path = RootTabBarController.swift; sourceTree = "<group>"; };
		36A209F71ECF33F700443230 /* Localization.swift */ = {isa = PBXFileReference; fileEncoding = 4; lastKnownFileType = sourcecode.swift; path = Localization.swift; sourceTree = "<group>"; };
		36A209FA1ECF342B00443230 /* Common.strings */ = {isa = PBXFileReference; fileEncoding = 4; lastKnownFileType = text.plist.strings; path = Common.strings; sourceTree = "<group>"; };
		36A209FC1ECF345000443230 /* TopMovies.strings */ = {isa = PBXFileReference; fileEncoding = 4; lastKnownFileType = text.plist.strings; path = TopMovies.strings; sourceTree = "<group>"; };
		36A209FF1ECF3C7600443230 /* Search.storyboard */ = {isa = PBXFileReference; fileEncoding = 4; lastKnownFileType = file.storyboard; path = Search.storyboard; sourceTree = "<group>"; };
		36A20A011ECF3D6B00443230 /* SearchViewController.swift */ = {isa = PBXFileReference; fileEncoding = 4; lastKnownFileType = sourcecode.swift; path = SearchViewController.swift; sourceTree = "<group>"; };
		36A20A031ECF403000443230 /* SearchViewModel.swift */ = {isa = PBXFileReference; fileEncoding = 4; lastKnownFileType = sourcecode.swift; path = SearchViewModel.swift; sourceTree = "<group>"; };
		36A20A061ECF40B000443230 /* SearchMoviesRequest.swift */ = {isa = PBXFileReference; fileEncoding = 4; lastKnownFileType = sourcecode.swift; path = SearchMoviesRequest.swift; sourceTree = "<group>"; };
		36A20A261ED1DE5400443230 /* search.json */ = {isa = PBXFileReference; fileEncoding = 4; lastKnownFileType = text.json; path = search.json; sourceTree = "<group>"; };
		36A20A291ED1DE7300443230 /* SearchTests.swift */ = {isa = PBXFileReference; fileEncoding = 4; lastKnownFileType = sourcecode.swift; path = SearchTests.swift; sourceTree = "<group>"; };
		36A20A2B1ED1DE8D00443230 /* LastSearchesManager.swift */ = {isa = PBXFileReference; fileEncoding = 4; lastKnownFileType = sourcecode.swift; path = LastSearchesManager.swift; sourceTree = "<group>"; };
		36A20A2D1ED1FF8B00443230 /* LastSearchesTests.swift */ = {isa = PBXFileReference; fileEncoding = 4; lastKnownFileType = sourcecode.swift; path = LastSearchesTests.swift; sourceTree = "<group>"; };
		36A20A2F1ED2103400443230 /* LastSearchesDataSource.swift */ = {isa = PBXFileReference; fileEncoding = 4; lastKnownFileType = sourcecode.swift; path = LastSearchesDataSource.swift; sourceTree = "<group>"; };
		36A20A311ED210DD00443230 /* LastSearchesTableViewCell.swift */ = {isa = PBXFileReference; fileEncoding = 4; lastKnownFileType = sourcecode.swift; path = LastSearchesTableViewCell.swift; sourceTree = "<group>"; };
		36A20A331ED217AC00443230 /* LastSearchesDelegate.swift */ = {isa = PBXFileReference; fileEncoding = 4; lastKnownFileType = sourcecode.swift; path = LastSearchesDelegate.swift; sourceTree = "<group>"; };
		36A20A351ED21B4E00443230 /* SearchRouter.swift */ = {isa = PBXFileReference; fileEncoding = 4; lastKnownFileType = sourcecode.swift; path = SearchRouter.swift; sourceTree = "<group>"; };
		36A20A371ED2225100443230 /* Search.strings */ = {isa = PBXFileReference; fileEncoding = 4; lastKnownFileType = text.plist.strings; path = Search.strings; sourceTree = "<group>"; };
		45F7B29433F827EA65632873 /* Pods-PremierSwiftTests.release.xcconfig */ = {isa = PBXFileReference; includeInIndex = 1; lastKnownFileType = text.xcconfig; name = "Pods-PremierSwiftTests.release.xcconfig"; path = "Pods/Target Support Files/Pods-PremierSwiftTests/Pods-PremierSwiftTests.release.xcconfig"; sourceTree = "<group>"; };
		461835A4F421C3DAC0D858A0 /* Pods_PremierTests.framework */ = {isa = PBXFileReference; explicitFileType = wrapper.framework; includeInIndex = 0; path = Pods_PremierTests.framework; sourceTree = BUILT_PRODUCTS_DIR; };
		4671AAD6943F2BAA1621D609 /* Pods-Premier.debug.xcconfig */ = {isa = PBXFileReference; includeInIndex = 1; lastKnownFileType = text.xcconfig; name = "Pods-Premier.debug.xcconfig"; path = "Pods/Target Support Files/Pods-Premier/Pods-Premier.debug.xcconfig"; sourceTree = "<group>"; };
		776BB60C6BD5B87A6EB6F38D /* Pods-PremierSwift.release.xcconfig */ = {isa = PBXFileReference; includeInIndex = 1; lastKnownFileType = text.xcconfig; name = "Pods-PremierSwift.release.xcconfig"; path = "Pods/Target Support Files/Pods-PremierSwift/Pods-PremierSwift.release.xcconfig"; sourceTree = "<group>"; };
		8B9C369123972A74E9983451 /* Pods_PremierSwiftTests.framework */ = {isa = PBXFileReference; explicitFileType = wrapper.framework; includeInIndex = 0; path = Pods_PremierSwiftTests.framework; sourceTree = BUILT_PRODUCTS_DIR; };
		915168ADC2B9640231723EF1 /* Pods-PremierTests.debug.xcconfig */ = {isa = PBXFileReference; includeInIndex = 1; lastKnownFileType = text.xcconfig; name = "Pods-PremierTests.debug.xcconfig"; path = "Pods/Target Support Files/Pods-PremierTests/Pods-PremierTests.debug.xcconfig"; sourceTree = "<group>"; };
		A9A628F1EEE9F0A9AF05E95A /* Pods-Premier.release.xcconfig */ = {isa = PBXFileReference; includeInIndex = 1; lastKnownFileType = text.xcconfig; name = "Pods-Premier.release.xcconfig"; path = "Pods/Target Support Files/Pods-Premier/Pods-Premier.release.xcconfig"; sourceTree = "<group>"; };
		C86EE7A8707428A37D38978E /* Pods-PremierSwiftTests.debug.xcconfig */ = {isa = PBXFileReference; includeInIndex = 1; lastKnownFileType = text.xcconfig; name = "Pods-PremierSwiftTests.debug.xcconfig"; path = "Pods/Target Support Files/Pods-PremierSwiftTests/Pods-PremierSwiftTests.debug.xcconfig"; sourceTree = "<group>"; };
		DE7E3E92A1B52C856162E31E /* Pods-PremierSwift.debug.xcconfig */ = {isa = PBXFileReference; includeInIndex = 1; lastKnownFileType = text.xcconfig; name = "Pods-PremierSwift.debug.xcconfig"; path = "Pods/Target Support Files/Pods-PremierSwift/Pods-PremierSwift.debug.xcconfig"; sourceTree = "<group>"; };
		E925227E19917BBF061A151E /* Pods-PremierTests.release.xcconfig */ = {isa = PBXFileReference; includeInIndex = 1; lastKnownFileType = text.xcconfig; name = "Pods-PremierTests.release.xcconfig"; path = "Pods/Target Support Files/Pods-PremierTests/Pods-PremierTests.release.xcconfig"; sourceTree = "<group>"; };
		F840A5DC1D945CF8009325F7 /* Premier.app */ = {isa = PBXFileReference; explicitFileType = wrapper.application; includeInIndex = 0; path = Premier.app; sourceTree = BUILT_PRODUCTS_DIR; };
		F840A5F01D945CF9009325F7 /* PremierTests.xctest */ = {isa = PBXFileReference; explicitFileType = wrapper.cfbundle; includeInIndex = 0; path = PremierTests.xctest; sourceTree = BUILT_PRODUCTS_DIR; };
/* End PBXFileReference section */

/* Begin PBXFrameworksBuildPhase section */
		F840A5D91D945CF8009325F7 /* Frameworks */ = {
			isa = PBXFrameworksBuildPhase;
			buildActionMask = 2147483647;
			files = (
				AF76C92BBF39A5D0C5A80234 /* Pods_Premier.framework in Frameworks */,
			);
			runOnlyForDeploymentPostprocessing = 0;
		};
		F840A5ED1D945CF9009325F7 /* Frameworks */ = {
			isa = PBXFrameworksBuildPhase;
			buildActionMask = 2147483647;
			files = (
				66FEAA6E9B84AA35CFBCAADF /* Pods_PremierSwiftTests.framework in Frameworks */,
				BF37A6BE4F7184F3D66D2537 /* Pods_PremierTests.framework in Frameworks */,
			);
			runOnlyForDeploymentPostprocessing = 0;
		};
/* End PBXFrameworksBuildPhase section */

/* Begin PBXGroup section */
		365DC81E1E5A0961005327AB /* Resources */ = {
			isa = PBXGroup;
			children = (
				365DC81F1E5A099D005327AB /* Assets.xcassets */,
				365DC8201E5A099D005327AB /* Info.plist */,
				365DC8211E5A099D005327AB /* LaunchScreen.storyboard */,
			);
			path = Resources;
			sourceTree = "<group>";
		};
		365DC8251E5A0F83005327AB /* Resources */ = {
			isa = PBXGroup;
			children = (
				365DC8261E5A0F96005327AB /* Info.plist */,
			);
			path = Resources;
			sourceTree = "<group>";
		};
		365DC8281E5A1DA9005327AB /* Stubs */ = {
			isa = PBXGroup;
			children = (
				365DC8301E5A2149005327AB /* Stubber.swift */,
				365DC82D1E5A1E2F005327AB /* TopMovies */,
				36A20A251ED1DE5400443230 /* Search */,
			);
			path = Stubs;
			sourceTree = "<group>";
		};
		365DC8291E5A1DC8005327AB /* TopMovies */ = {
			isa = PBXGroup;
			children = (
				365DC82A1E5A1DDD005327AB /* TopRatedMoviesRequest.swift */,
			);
			path = TopMovies;
			sourceTree = "<group>";
		};
		365DC82D1E5A1E2F005327AB /* TopMovies */ = {
			isa = PBXGroup;
			children = (
				365DC82E1E5A1E53005327AB /* top_rated_page_1.json */,
				365DC8711E5B6600005327AB /* top_rated_page_2.json */,
			);
			path = TopMovies;
			sourceTree = "<group>";
		};
		365DC8341E5A29F7005327AB /* Application */ = {
			isa = PBXGroup;
			children = (
				365DC8351E5A2A10005327AB /* AppDelegate.swift */,
				365DC8371E5A2A37005327AB /* AppRouter.swift */,
			);
			path = Application;
			sourceTree = "<group>";
		};
		365DC8391E5A2BB1005327AB /* Scenes */ = {
			isa = PBXGroup;
			children = (
				36A209F11ECF30B300443230 /* Root */,
				365DC83A1E5A2BC8005327AB /* TopMovies */,
				36A209FE1ECF3A7300443230 /* Search */,
				369C80111EAF2FA1008B37DD /* MovieDetail */,
			);
			path = Scenes;
			sourceTree = "<group>";
		};
		365DC83A1E5A2BC8005327AB /* TopMovies */ = {
			isa = PBXGroup;
			children = (
				365DC83D1E5A2C06005327AB /* TopMovies.storyboard */,
				365DC83B1E5A2BE1005327AB /* TopMoviesViewController.swift */,
				365DC8571E5A33BF005327AB /* TopMoviesViewModel.swift */,
				369C80181EAF3531008B37DD /* TopMoviesRouter.swift */,
			);
			path = TopMovies;
			sourceTree = "<group>";
		};
		365DC83F1E5A2C37005327AB /* Protocols */ = {
			isa = PBXGroup;
			children = (
				365DC8401E5A2C49005327AB /* ViewLoaders */,
				365DC8551E5A31DE005327AB /* ReuseIdentifier.swift */,
			);
			path = Protocols;
			sourceTree = "<group>";
		};
		365DC8401E5A2C49005327AB /* ViewLoaders */ = {
			isa = PBXGroup;
			children = (
				365DC8411E5A2C5D005327AB /* NibLoadable.swift */,
				365DC8431E5A2C84005327AB /* StoryboardLoadable.swift */,
				365DC8451E5A2C93005327AB /* Instantiatable.swift */,
			);
			path = ViewLoaders;
			sourceTree = "<group>";
		};
		365DC8491E5A2D88005327AB /* Styling */ = {
			isa = PBXGroup;
			children = (
				365DC84D1E5A2E81005327AB /* Color.swift */,
				365DC84F1E5A2F17005327AB /* Font.swift */,
				365DC84A1E5A2DAD005327AB /* Styles */,
			);
			path = Styling;
			sourceTree = "<group>";
		};
		365DC84A1E5A2DAD005327AB /* Styles */ = {
			isa = PBXGroup;
			children = (
				365DC84B1E5A2DC3005327AB /* TextStyle.swift */,
			);
			path = Styles;
			sourceTree = "<group>";
		};
		365DC8591E5A364C005327AB /* LoadingTableViewCell */ = {
			isa = PBXGroup;
			children = (
				365DC85A1E5A3667005327AB /* LoadingTableViewCell.swift */,
				365DC85B1E5A3667005327AB /* LoadingTableViewCell.xib */,
			);
			path = LoadingTableViewCell;
			sourceTree = "<group>";
		};
		365DC85E1E5A3871005327AB /* Helpers */ = {
			isa = PBXGroup;
			children = (
				365DC8671E5A39B7005327AB /* ActivityTracker.swift */,
				365DC8611E5A3892005327AB /* CollectionChange.swift */,
				365DC86B1E5B5E6B005327AB /* PaginatedListSection.swift */,
			);
			path = Helpers;
			sourceTree = "<group>";
		};
		365DC86D1E5B605C005327AB /* Scenes */ = {
			isa = PBXGroup;
			children = (
				365DC86E1E5B6074005327AB /* TopMovies */,
				36A20A281ED1DE7300443230 /* Search */,
			);
			path = Scenes;
			sourceTree = "<group>";
		};
		365DC86E1E5B6074005327AB /* TopMovies */ = {
			isa = PBXGroup;
			children = (
				365DC86F1E5B609A005327AB /* TopMoviesTests.swift */,
			);
			path = TopMovies;
			sourceTree = "<group>";
		};
		367A59DC1E59DD6900F3268A /* Networking */ = {
			isa = PBXGroup;
			children = (
				367A59DD1E59DD9600F3268A /* MovieDatabaseClient.swift */,
				367A59E01E59DF3800F3268A /* NetworkingModels */,
				367A59EE1E59E4EB00F3268A /* Requests */,
				367A59F11E59E66400F3268A /* Responses */,
			);
			path = Networking;
			sourceTree = "<group>";
		};
		367A59E01E59DF3800F3268A /* NetworkingModels */ = {
			isa = PBXGroup;
			children = (
				367A59E11E59DF5000F3268A /* HTTPMethod.swift */,
				367A59E71E59DF9A00F3268A /* Request.swift */,
				367A59E51E59DF8700F3268A /* Response.swift */,
				367A59E31E59DF6900F3268A /* Result.swift */,
				367A59E91E59E32100F3268A /* URLEncoding.swift */,
			);
			path = NetworkingModels;
			sourceTree = "<group>";
		};
		367A59EB1E59E42700F3268A /* Networking */ = {
			isa = PBXGroup;
			children = (
				367A59EC1E59E45600F3268A /* MovieDatabaseClientTests.swift */,
			);
			path = Networking;
			sourceTree = "<group>";
		};
		367A59EE1E59E4EB00F3268A /* Requests */ = {
			isa = PBXGroup;
			children = (
				365DC8291E5A1DC8005327AB /* TopMovies */,
				36A20A051ECF408300443230 /* Search */,
			);
			path = Requests;
			sourceTree = "<group>";
		};
		367A59F11E59E66400F3268A /* Responses */ = {
			isa = PBXGroup;
			children = (
				367A5A071E59F36900F3268A /* PaginatedResponse.swift */,
			);
			path = Responses;
			sourceTree = "<group>";
		};
		367A59F61E59E71900F3268A /* Model */ = {
			isa = PBXGroup;
			children = (
				367A59F71E59E72A00F3268A /* Movie */,
			);
			path = Model;
			sourceTree = "<group>";
		};
		367A59F71E59E72A00F3268A /* Movie */ = {
			isa = PBXGroup;
			children = (
				367A59F81E59E73B00F3268A /* Movie.swift */,
			);
			path = Movie;
			sourceTree = "<group>";
		};
		367A59FA1E59EA5000F3268A /* Reusables */ = {
			isa = PBXGroup;
			children = (
				365DC85E1E5A3871005327AB /* Helpers */,
				367A59FB1E59EA5D00F3268A /* Transformers */,
			);
			path = Reusables;
			sourceTree = "<group>";
		};
		367A59FB1E59EA5D00F3268A /* Transformers */ = {
			isa = PBXGroup;
			children = (
				367A59FC1E59EA8700F3268A /* ImageURLTransform.swift */,
				367A5A051E59F1B100F3268A /* DateTransform.swift */,
			);
			path = Transformers;
			sourceTree = "<group>";
		};
		367A59FF1E59EF9800F3268A /* Extensions */ = {
			isa = PBXGroup;
			children = (
				367A5A001E59EFC600F3268A /* DateFormatter+CustomFormatting.swift */,
				365DC8631E5A38BF005327AB /* UITableView+CollectionChange.swift */,
			);
			path = Extensions;
			sourceTree = "<group>";
		};
		367A5A021E59F08000F3268A /* Constants */ = {
			isa = PBXGroup;
			children = (
				367A5A031E59F09000F3268A /* Constants.swift */,
				365DC8471E5A2D12005327AB /* Constants+StoryboardName.swift */,
			);
			path = Constants;
			sourceTree = "<group>";
		};
		369C80111EAF2FA1008B37DD /* MovieDetail */ = {
			isa = PBXGroup;
			children = (
				369C80121EAF2FB7008B37DD /* MovieDetail.storyboard */,
				369C80141EAF32AE008B37DD /* MovieDetailViewController.swift */,
				369C80161EAF3392008B37DD /* MovieDetailViewModel.swift */,
			);
			path = MovieDetail;
			sourceTree = "<group>";
		};
		36A209E11ECF21C000443230 /* Components */ = {
			isa = PBXGroup;
			children = (
				36A209E21ECF268000443230 /* MovieList */,
				365DC8591E5A364C005327AB /* LoadingTableViewCell */,
			);
			path = Components;
			sourceTree = "<group>";
		};
		36A209E21ECF268000443230 /* MovieList */ = {
			isa = PBXGroup;
			children = (
				36A209E31ECF269800443230 /* MovieListViewController.swift */,
				36A209E51ECF27A400443230 /* MovieListTableViewCell.swift */,
				36A209E91ECF27E400443230 /* MovieListTableViewCell.xib */,
				36A209EB1ECF298200443230 /* MovieListViewModel.swift */,
				36A209ED1ECF29FD00443230 /* MovieListState.swift */,
				36A209EF1ECF2B7A00443230 /* MovieListRouter.swift */,
			);
			path = MovieList;
			sourceTree = "<group>";
		};
		36A209F11ECF30B300443230 /* Root */ = {
			isa = PBXGroup;
			children = (
				36A209F21ECF30DF00443230 /* Root.storyboard */,
				36A209F41ECF311E00443230 /* RootTabBarController.swift */,
			);
			path = Root;
			sourceTree = "<group>";
		};
		36A209F61ECF33B100443230 /* Localization */ = {
			isa = PBXGroup;
			children = (
				36A209F71ECF33F700443230 /* Localization.swift */,
				36A209F91ECF341000443230 /* Localization Strings */,
			);
			path = Localization;
			sourceTree = "<group>";
		};
		36A209F91ECF341000443230 /* Localization Strings */ = {
			isa = PBXGroup;
			children = (
				36A209FA1ECF342B00443230 /* Common.strings */,
				36A209FC1ECF345000443230 /* TopMovies.strings */,
				36A20A371ED2225100443230 /* Search.strings */,
			);
			path = "Localization Strings";
			sourceTree = "<group>";
		};
		36A209FE1ECF3A7300443230 /* Search */ = {
			isa = PBXGroup;
			children = (
				36A209FF1ECF3C7600443230 /* Search.storyboard */,
				36A20A011ECF3D6B00443230 /* SearchViewController.swift */,
				36A20A031ECF403000443230 /* SearchViewModel.swift */,
				36A20A351ED21B4E00443230 /* SearchRouter.swift */,
				36A20A2B1ED1DE8D00443230 /* LastSearchesManager.swift */,
				36A20A2F1ED2103400443230 /* LastSearchesDataSource.swift */,
				36A20A311ED210DD00443230 /* LastSearchesTableViewCell.swift */,
				36A20A331ED217AC00443230 /* LastSearchesDelegate.swift */,
			);
			path = Search;
			sourceTree = "<group>";
		};
		36A20A051ECF408300443230 /* Search */ = {
			isa = PBXGroup;
			children = (
				36A20A061ECF40B000443230 /* SearchMoviesRequest.swift */,
			);
			path = Search;
			sourceTree = "<group>";
		};
		36A20A251ED1DE5400443230 /* Search */ = {
			isa = PBXGroup;
			children = (
				36A20A261ED1DE5400443230 /* search.json */,
			);
			path = Search;
			sourceTree = "<group>";
		};
		36A20A281ED1DE7300443230 /* Search */ = {
			isa = PBXGroup;
			children = (
				36A20A291ED1DE7300443230 /* SearchTests.swift */,
				36A20A2D1ED1FF8B00443230 /* LastSearchesTests.swift */,
			);
			path = Search;
			sourceTree = "<group>";
		};
		3744D9BA52FB77976CA1CB48 /* Pods */ = {
			isa = PBXGroup;
			children = (
				DE7E3E92A1B52C856162E31E /* Pods-PremierSwift.debug.xcconfig */,
				776BB60C6BD5B87A6EB6F38D /* Pods-PremierSwift.release.xcconfig */,
				C86EE7A8707428A37D38978E /* Pods-PremierSwiftTests.debug.xcconfig */,
				45F7B29433F827EA65632873 /* Pods-PremierSwiftTests.release.xcconfig */,
				4671AAD6943F2BAA1621D609 /* Pods-Premier.debug.xcconfig */,
				A9A628F1EEE9F0A9AF05E95A /* Pods-Premier.release.xcconfig */,
				915168ADC2B9640231723EF1 /* Pods-PremierTests.debug.xcconfig */,
				E925227E19917BBF061A151E /* Pods-PremierTests.release.xcconfig */,
			);
			name = Pods;
			sourceTree = "<group>";
		};
		DAD016B0E8A5F007CFE1E56E /* Frameworks */ = {
			isa = PBXGroup;
			children = (
				0E874585AA1E6485D5616D1D /* Pods_PremierSwift.framework */,
				8B9C369123972A74E9983451 /* Pods_PremierSwiftTests.framework */,
				2C497685D35B324AD418CAB5 /* Pods_Premier.framework */,
				461835A4F421C3DAC0D858A0 /* Pods_PremierTests.framework */,
			);
			name = Frameworks;
			sourceTree = "<group>";
		};
		F840A5D31D945CF8009325F7 = {
			isa = PBXGroup;
			children = (
				F840A5DE1D945CF8009325F7 /* Premier */,
				F840A5F31D945CF9009325F7 /* PremierTests */,
				F840A5DD1D945CF8009325F7 /* Products */,
				3744D9BA52FB77976CA1CB48 /* Pods */,
				DAD016B0E8A5F007CFE1E56E /* Frameworks */,
			);
			sourceTree = "<group>";
		};
		F840A5DD1D945CF8009325F7 /* Products */ = {
			isa = PBXGroup;
			children = (
				F840A5DC1D945CF8009325F7 /* Premier.app */,
				F840A5F01D945CF9009325F7 /* PremierTests.xctest */,
			);
			name = Products;
			sourceTree = "<group>";
		};
		F840A5DE1D945CF8009325F7 /* Premier */ = {
			isa = PBXGroup;
			children = (
				365DC8341E5A29F7005327AB /* Application */,
				367A5A021E59F08000F3268A /* Constants */,
				367A59F61E59E71900F3268A /* Model */,
				365DC8391E5A2BB1005327AB /* Scenes */,
				367A59DC1E59DD6900F3268A /* Networking */,
				367A59FF1E59EF9800F3268A /* Extensions */,
				36A209E11ECF21C000443230 /* Components */,
				367A59FA1E59EA5000F3268A /* Reusables */,
				365DC83F1E5A2C37005327AB /* Protocols */,
				365DC8491E5A2D88005327AB /* Styling */,
				36A209F61ECF33B100443230 /* Localization */,
				365DC81E1E5A0961005327AB /* Resources */,
			);
			path = Premier;
			sourceTree = "<group>";
		};
		F840A5F31D945CF9009325F7 /* PremierTests */ = {
			isa = PBXGroup;
			children = (
				367A59EB1E59E42700F3268A /* Networking */,
				365DC86D1E5B605C005327AB /* Scenes */,
				365DC8251E5A0F83005327AB /* Resources */,
				365DC8281E5A1DA9005327AB /* Stubs */,
			);
			path = PremierTests;
			sourceTree = "<group>";
		};
/* End PBXGroup section */

/* Begin PBXNativeTarget section */
		F840A5DB1D945CF8009325F7 /* Premier */ = {
			isa = PBXNativeTarget;
			buildConfigurationList = F840A5F91D945CF9009325F7 /* Build configuration list for PBXNativeTarget "Premier" */;
			buildPhases = (
				54CD3CCCC046CC62FFF8D928 /* [CP] Check Pods Manifest.lock */,
				F840A5D81D945CF8009325F7 /* Sources */,
				F840A5D91D945CF8009325F7 /* Frameworks */,
				367A59DF1E59DED600F3268A /* Increment Build Number */,
				F840A5DA1D945CF8009325F7 /* Resources */,
				CB43217A92376C8FB0DD310C /* [CP] Embed Pods Frameworks */,
				3115BF76F109F345722D725C /* [CP] Copy Pods Resources */,
			);
			buildRules = (
			);
			dependencies = (
			);
			name = Premier;
			productName = PremierSwift;
			productReference = F840A5DC1D945CF8009325F7 /* Premier.app */;
			productType = "com.apple.product-type.application";
		};
		F840A5EF1D945CF9009325F7 /* PremierTests */ = {
			isa = PBXNativeTarget;
			buildConfigurationList = F840A5FC1D945CF9009325F7 /* Build configuration list for PBXNativeTarget "PremierTests" */;
			buildPhases = (
				20C656277624F4CFA7F653AA /* [CP] Check Pods Manifest.lock */,
				F840A5EC1D945CF9009325F7 /* Sources */,
				F840A5ED1D945CF9009325F7 /* Frameworks */,
				F840A5EE1D945CF9009325F7 /* Resources */,
				5D7A9BE43A81875491EE943C /* [CP] Embed Pods Frameworks */,
				ED6866F3BDC6821769EC0025 /* [CP] Copy Pods Resources */,
			);
			buildRules = (
			);
			dependencies = (
				F840A5F21D945CF9009325F7 /* PBXTargetDependency */,
			);
			name = PremierTests;
			productName = PremierSwiftTests;
			productReference = F840A5F01D945CF9009325F7 /* PremierTests.xctest */;
			productType = "com.apple.product-type.bundle.unit-test";
		};
/* End PBXNativeTarget section */

/* Begin PBXProject section */
		F840A5D41D945CF8009325F7 /* Project object */ = {
			isa = PBXProject;
			attributes = {
				LastSwiftUpdateCheck = 0800;
				LastUpgradeCheck = 0900;
				ORGANIZATIONNAME = "Ilter Cengiz";
				TargetAttributes = {
					F840A5DB1D945CF8009325F7 = {
						CreatedOnToolsVersion = 8.0;
						DevelopmentTeam = P8EBW8LF2M;
						LastSwiftMigration = 0900;
						ProvisioningStyle = Automatic;
					};
					F840A5EF1D945CF9009325F7 = {
						CreatedOnToolsVersion = 8.0;
						LastSwiftMigration = 0900;
						ProvisioningStyle = Automatic;
						TestTargetID = F840A5DB1D945CF8009325F7;
					};
				};
			};
			buildConfigurationList = F840A5D71D945CF8009325F7 /* Build configuration list for PBXProject "Premier" */;
			compatibilityVersion = "Xcode 8.0";
			developmentRegion = English;
			hasScannedForEncodings = 0;
			knownRegions = (
				en,
				Base,
			);
			mainGroup = F840A5D31D945CF8009325F7;
			productRefGroup = F840A5DD1D945CF8009325F7 /* Products */;
			projectDirPath = "";
			projectRoot = "";
			targets = (
				F840A5DB1D945CF8009325F7 /* Premier */,
				F840A5EF1D945CF9009325F7 /* PremierTests */,
			);
		};
/* End PBXProject section */

/* Begin PBXResourcesBuildPhase section */
		F840A5DA1D945CF8009325F7 /* Resources */ = {
			isa = PBXResourcesBuildPhase;
			buildActionMask = 2147483647;
			files = (
				36A209EA1ECF27E400443230 /* MovieListTableViewCell.xib in Resources */,
				362C0E331F33DD97006B836A /* top_rated_page_2.json in Resources */,
				369C80131EAF2FB7008B37DD /* MovieDetail.storyboard in Resources */,
				36A209FD1ECF345000443230 /* TopMovies.strings in Resources */,
				365DC85D1E5A3667005327AB /* LoadingTableViewCell.xib in Resources */,
				36A20A001ECF3C7600443230 /* Search.storyboard in Resources */,
				365DC83E1E5A2C06005327AB /* TopMovies.storyboard in Resources */,
				36A209F31ECF30DF00443230 /* Root.storyboard in Resources */,
				365DC8221E5A099D005327AB /* Assets.xcassets in Resources */,
				362C0E341F33DD9B006B836A /* top_rated_page_1.json in Resources */,
				365DC8241E5A099D005327AB /* LaunchScreen.storyboard in Resources */,
				362C0E321F33DD94006B836A /* search.json in Resources */,
				36A20A381ED2225100443230 /* Search.strings in Resources */,
				36A209FB1ECF342B00443230 /* Common.strings in Resources */,
			);
			runOnlyForDeploymentPostprocessing = 0;
		};
		F840A5EE1D945CF9009325F7 /* Resources */ = {
			isa = PBXResourcesBuildPhase;
			buildActionMask = 2147483647;
			files = (
				36A20A271ED1DE5400443230 /* search.json in Resources */,
				365DC82F1E5A1E53005327AB /* top_rated_page_1.json in Resources */,
				365DC8721E5B6600005327AB /* top_rated_page_2.json in Resources */,
			);
			runOnlyForDeploymentPostprocessing = 0;
		};
/* End PBXResourcesBuildPhase section */

/* Begin PBXShellScriptBuildPhase section */
		20C656277624F4CFA7F653AA /* [CP] Check Pods Manifest.lock */ = {
			isa = PBXShellScriptBuildPhase;
			buildActionMask = 2147483647;
			files = (
			);
			inputPaths = (
				"${PODS_PODFILE_DIR_PATH}/Podfile.lock",
				"${PODS_ROOT}/Manifest.lock",
			);
			name = "[CP] Check Pods Manifest.lock";
			outputPaths = (
				"$(DERIVED_FILE_DIR)/Pods-PremierTests-checkManifestLockResult.txt",
			);
			runOnlyForDeploymentPostprocessing = 0;
			shellPath = /bin/sh;
			shellScript = "diff \"${PODS_PODFILE_DIR_PATH}/Podfile.lock\" \"${PODS_ROOT}/Manifest.lock\" > /dev/null\nif [ $? != 0 ] ; then\n    # print error to STDERR\n    echo \"error: The sandbox is not in sync with the Podfile.lock. Run 'pod install' or update your CocoaPods installation.\" >&2\n    exit 1\nfi\n# This output is used by Xcode 'outputs' to avoid re-running this script phase.\necho \"SUCCESS\" > \"${SCRIPT_OUTPUT_FILE_0}\"\n";
			showEnvVarsInLog = 0;
		};
		3115BF76F109F345722D725C /* [CP] Copy Pods Resources */ = {
			isa = PBXShellScriptBuildPhase;
			buildActionMask = 2147483647;
			files = (
			);
			inputPaths = (
			);
			name = "[CP] Copy Pods Resources";
			outputPaths = (
			);
			runOnlyForDeploymentPostprocessing = 0;
			shellPath = /bin/sh;
			shellScript = "\"${SRCROOT}/Pods/Target Support Files/Pods-Premier/Pods-Premier-resources.sh\"\n";
			showEnvVarsInLog = 0;
		};
		367A59DF1E59DED600F3268A /* Increment Build Number */ = {
			isa = PBXShellScriptBuildPhase;
			buildActionMask = 2147483647;
			files = (
			);
			inputPaths = (
			);
			name = "Increment Build Number";
			outputPaths = (
			);
			runOnlyForDeploymentPostprocessing = 0;
			shellPath = /bin/sh;
			shellScript = "if [ \"$CONFIGURATION\" == \"Debug\" ]; then\n    buildNumber=$(/usr/libexec/PlistBuddy -c \"Print CFBundleVersion\" \"$INFOPLIST_FILE\")\n    buildNumber=$(($buildNumber + 1))\n    /usr/libexec/PlistBuddy -c \"Set :CFBundleVersion $buildNumber\" \"$INFOPLIST_FILE\"\nfi";
		};
		54CD3CCCC046CC62FFF8D928 /* [CP] Check Pods Manifest.lock */ = {
			isa = PBXShellScriptBuildPhase;
			buildActionMask = 2147483647;
			files = (
			);
			inputPaths = (
				"${PODS_PODFILE_DIR_PATH}/Podfile.lock",
				"${PODS_ROOT}/Manifest.lock",
			);
			name = "[CP] Check Pods Manifest.lock";
			outputPaths = (
				"$(DERIVED_FILE_DIR)/Pods-Premier-checkManifestLockResult.txt",
			);
			runOnlyForDeploymentPostprocessing = 0;
			shellPath = /bin/sh;
			shellScript = "diff \"${PODS_PODFILE_DIR_PATH}/Podfile.lock\" \"${PODS_ROOT}/Manifest.lock\" > /dev/null\nif [ $? != 0 ] ; then\n    # print error to STDERR\n    echo \"error: The sandbox is not in sync with the Podfile.lock. Run 'pod install' or update your CocoaPods installation.\" >&2\n    exit 1\nfi\n# This output is used by Xcode 'outputs' to avoid re-running this script phase.\necho \"SUCCESS\" > \"${SCRIPT_OUTPUT_FILE_0}\"\n";
			showEnvVarsInLog = 0;
		};
		5D7A9BE43A81875491EE943C /* [CP] Embed Pods Frameworks */ = {
			isa = PBXShellScriptBuildPhase;
			buildActionMask = 2147483647;
			files = (
			);
			inputPaths = (
				"${SRCROOT}/Pods/Target Support Files/Pods-PremierTests/Pods-PremierTests-frameworks.sh",
				"${BUILT_PRODUCTS_DIR}/Alamofire/Alamofire.framework",
				"${BUILT_PRODUCTS_DIR}/Kingfisher/Kingfisher.framework",
				"${BUILT_PRODUCTS_DIR}/OHHTTPStubs/OHHTTPStubs.framework",
				"${BUILT_PRODUCTS_DIR}/ObjectMapper/ObjectMapper.framework",
				"${BUILT_PRODUCTS_DIR}/Reqres/Reqres.framework",
			);
			name = "[CP] Embed Pods Frameworks";
			outputPaths = (
				"${TARGET_BUILD_DIR}/${FRAMEWORKS_FOLDER_PATH}/Alamofire.framework",
				"${TARGET_BUILD_DIR}/${FRAMEWORKS_FOLDER_PATH}/Kingfisher.framework",
				"${TARGET_BUILD_DIR}/${FRAMEWORKS_FOLDER_PATH}/OHHTTPStubs.framework",
				"${TARGET_BUILD_DIR}/${FRAMEWORKS_FOLDER_PATH}/ObjectMapper.framework",
				"${TARGET_BUILD_DIR}/${FRAMEWORKS_FOLDER_PATH}/Reqres.framework",
			);
			runOnlyForDeploymentPostprocessing = 0;
			shellPath = /bin/sh;
			shellScript = "\"${SRCROOT}/Pods/Target Support Files/Pods-PremierTests/Pods-PremierTests-frameworks.sh\"\n";
			showEnvVarsInLog = 0;
		};
		CB43217A92376C8FB0DD310C /* [CP] Embed Pods Frameworks */ = {
			isa = PBXShellScriptBuildPhase;
			buildActionMask = 2147483647;
			files = (
			);
			inputPaths = (
				"${SRCROOT}/Pods/Target Support Files/Pods-Premier/Pods-Premier-frameworks.sh",
				"${BUILT_PRODUCTS_DIR}/Alamofire/Alamofire.framework",
				"${BUILT_PRODUCTS_DIR}/Kingfisher/Kingfisher.framework",
				"${BUILT_PRODUCTS_DIR}/OHHTTPStubs/OHHTTPStubs.framework",
				"${BUILT_PRODUCTS_DIR}/ObjectMapper/ObjectMapper.framework",
				"${BUILT_PRODUCTS_DIR}/Reqres/Reqres.framework",
			);
			name = "[CP] Embed Pods Frameworks";
			outputPaths = (
				"${TARGET_BUILD_DIR}/${FRAMEWORKS_FOLDER_PATH}/Alamofire.framework",
				"${TARGET_BUILD_DIR}/${FRAMEWORKS_FOLDER_PATH}/Kingfisher.framework",
				"${TARGET_BUILD_DIR}/${FRAMEWORKS_FOLDER_PATH}/OHHTTPStubs.framework",
				"${TARGET_BUILD_DIR}/${FRAMEWORKS_FOLDER_PATH}/ObjectMapper.framework",
				"${TARGET_BUILD_DIR}/${FRAMEWORKS_FOLDER_PATH}/Reqres.framework",
			);
			runOnlyForDeploymentPostprocessing = 0;
			shellPath = /bin/sh;
			shellScript = "\"${SRCROOT}/Pods/Target Support Files/Pods-Premier/Pods-Premier-frameworks.sh\"\n";
			showEnvVarsInLog = 0;
		};
		ED6866F3BDC6821769EC0025 /* [CP] Copy Pods Resources */ = {
			isa = PBXShellScriptBuildPhase;
			buildActionMask = 2147483647;
			files = (
			);
			inputPaths = (
			);
			name = "[CP] Copy Pods Resources";
			outputPaths = (
			);
			runOnlyForDeploymentPostprocessing = 0;
			shellPath = /bin/sh;
			shellScript = "\"${SRCROOT}/Pods/Target Support Files/Pods-PremierTests/Pods-PremierTests-resources.sh\"\n";
			showEnvVarsInLog = 0;
		};
/* End PBXShellScriptBuildPhase section */

/* Begin PBXSourcesBuildPhase section */
		F840A5D81D945CF8009325F7 /* Sources */ = {
			isa = PBXSourcesBuildPhase;
			buildActionMask = 2147483647;
			files = (
				367A5A011E59EFC600F3268A /* DateFormatter+CustomFormatting.swift in Sources */,
				36A209F51ECF311E00443230 /* RootTabBarController.swift in Sources */,
				365DC8581E5A33BF005327AB /* TopMoviesViewModel.swift in Sources */,
				367A59E41E59DF6900F3268A /* Result.swift in Sources */,
				367A59E81E59DF9A00F3268A /* Request.swift in Sources */,
				365DC8481E5A2D12005327AB /* Constants+StoryboardName.swift in Sources */,
				36A209F81ECF33F700443230 /* Localization.swift in Sources */,
				365DC84C1E5A2DC3005327AB /* TextStyle.swift in Sources */,
				365DC84E1E5A2E81005327AB /* Color.swift in Sources */,
				367A59EA1E59E32100F3268A /* URLEncoding.swift in Sources */,
				365DC8561E5A31DE005327AB /* ReuseIdentifier.swift in Sources */,
				36A20A341ED217AC00443230 /* LastSearchesDelegate.swift in Sources */,
				365DC8501E5A2F17005327AB /* Font.swift in Sources */,
				365DC8641E5A38BF005327AB /* UITableView+CollectionChange.swift in Sources */,
				365DC82B1E5A1DDD005327AB /* TopRatedMoviesRequest.swift in Sources */,
				365DC8461E5A2C93005327AB /* Instantiatable.swift in Sources */,
				367A5A041E59F09000F3268A /* Constants.swift in Sources */,
				36A20A071ECF40B000443230 /* SearchMoviesRequest.swift in Sources */,
				369C80171EAF3392008B37DD /* MovieDetailViewModel.swift in Sources */,
				36A209E41ECF269800443230 /* MovieListViewController.swift in Sources */,
				367A59FD1E59EA8700F3268A /* ImageURLTransform.swift in Sources */,
				365DC8621E5A3892005327AB /* CollectionChange.swift in Sources */,
				367A59DE1E59DD9600F3268A /* MovieDatabaseClient.swift in Sources */,
				365DC8421E5A2C5D005327AB /* NibLoadable.swift in Sources */,
				36A209EC1ECF298200443230 /* MovieListViewModel.swift in Sources */,
				367A5A081E59F36900F3268A /* PaginatedResponse.swift in Sources */,
				367A5A061E59F1B100F3268A /* DateTransform.swift in Sources */,
				36A20A301ED2103400443230 /* LastSearchesDataSource.swift in Sources */,
				365DC83C1E5A2BE1005327AB /* TopMoviesViewController.swift in Sources */,
				367A59F91E59E73B00F3268A /* Movie.swift in Sources */,
				365DC86C1E5B5E6B005327AB /* PaginatedListSection.swift in Sources */,
				36A20A2C1ED1DE8D00443230 /* LastSearchesManager.swift in Sources */,
				367A59E21E59DF5000F3268A /* HTTPMethod.swift in Sources */,
				36A20A021ECF3D6B00443230 /* SearchViewController.swift in Sources */,
				365DC85C1E5A3667005327AB /* LoadingTableViewCell.swift in Sources */,
				365DC8441E5A2C84005327AB /* StoryboardLoadable.swift in Sources */,
				36A20A361ED21B4E00443230 /* SearchRouter.swift in Sources */,
				365DC8361E5A2A10005327AB /* AppDelegate.swift in Sources */,
				362C0E351F33DD9E006B836A /* Stubber.swift in Sources */,
				36A209EE1ECF29FD00443230 /* MovieListState.swift in Sources */,
				365DC8381E5A2A37005327AB /* AppRouter.swift in Sources */,
				367A59E61E59DF8700F3268A /* Response.swift in Sources */,
				36A20A041ECF403000443230 /* SearchViewModel.swift in Sources */,
				36A209F01ECF2B7A00443230 /* MovieListRouter.swift in Sources */,
				36A20A321ED210DD00443230 /* LastSearchesTableViewCell.swift in Sources */,
				369C80151EAF32AE008B37DD /* MovieDetailViewController.swift in Sources */,
				369C80191EAF3531008B37DD /* TopMoviesRouter.swift in Sources */,
				36A209E71ECF27A400443230 /* MovieListTableViewCell.swift in Sources */,
				365DC8681E5A39B7005327AB /* ActivityTracker.swift in Sources */,
			);
			runOnlyForDeploymentPostprocessing = 0;
		};
		F840A5EC1D945CF9009325F7 /* Sources */ = {
			isa = PBXSourcesBuildPhase;
			buildActionMask = 2147483647;
			files = (
				367A59ED1E59E45600F3268A /* MovieDatabaseClientTests.swift in Sources */,
				36A20A2A1ED1DE7300443230 /* SearchTests.swift in Sources */,
				36A20A2E1ED1FF8B00443230 /* LastSearchesTests.swift in Sources */,
				365DC8311E5A2149005327AB /* Stubber.swift in Sources */,
				365DC8701E5B609A005327AB /* TopMoviesTests.swift in Sources */,
			);
			runOnlyForDeploymentPostprocessing = 0;
		};
/* End PBXSourcesBuildPhase section */

/* Begin PBXTargetDependency section */
		F840A5F21D945CF9009325F7 /* PBXTargetDependency */ = {
			isa = PBXTargetDependency;
			target = F840A5DB1D945CF8009325F7 /* Premier */;
			targetProxy = F840A5F11D945CF9009325F7 /* PBXContainerItemProxy */;
		};
/* End PBXTargetDependency section */

/* Begin XCBuildConfiguration section */
		F840A5F71D945CF9009325F7 /* Debug */ = {
			isa = XCBuildConfiguration;
			buildSettings = {
				ALWAYS_SEARCH_USER_PATHS = NO;
				CLANG_ANALYZER_NONNULL = YES;
				CLANG_CXX_LANGUAGE_STANDARD = "gnu++0x";
				CLANG_CXX_LIBRARY = "libc++";
				CLANG_ENABLE_MODULES = YES;
				CLANG_ENABLE_OBJC_ARC = YES;
				CLANG_WARN_BLOCK_CAPTURE_AUTORELEASING = YES;
				CLANG_WARN_BOOL_CONVERSION = YES;
				CLANG_WARN_COMMA = YES;
				CLANG_WARN_CONSTANT_CONVERSION = YES;
				CLANG_WARN_DIRECT_OBJC_ISA_USAGE = YES_ERROR;
				CLANG_WARN_DOCUMENTATION_COMMENTS = YES;
				CLANG_WARN_EMPTY_BODY = YES;
				CLANG_WARN_ENUM_CONVERSION = YES;
				CLANG_WARN_INFINITE_RECURSION = YES;
				CLANG_WARN_INT_CONVERSION = YES;
				CLANG_WARN_NON_LITERAL_NULL_CONVERSION = YES;
				CLANG_WARN_OBJC_LITERAL_CONVERSION = YES;
				CLANG_WARN_OBJC_ROOT_CLASS = YES_ERROR;
				CLANG_WARN_RANGE_LOOP_ANALYSIS = YES;
				CLANG_WARN_STRICT_PROTOTYPES = YES;
				CLANG_WARN_SUSPICIOUS_MOVE = YES;
				CLANG_WARN_SUSPICIOUS_MOVES = YES;
				CLANG_WARN_UNREACHABLE_CODE = YES;
				CLANG_WARN__DUPLICATE_METHOD_MATCH = YES;
				"CODE_SIGN_IDENTITY[sdk=iphoneos*]" = "iPhone Developer";
				COPY_PHASE_STRIP = NO;
				DEBUG_INFORMATION_FORMAT = dwarf;
				ENABLE_STRICT_OBJC_MSGSEND = YES;
				ENABLE_TESTABILITY = YES;
				GCC_C_LANGUAGE_STANDARD = gnu99;
				GCC_DYNAMIC_NO_PIC = NO;
				GCC_NO_COMMON_BLOCKS = YES;
				GCC_OPTIMIZATION_LEVEL = 0;
				GCC_PREPROCESSOR_DEFINITIONS = (
					"DEBUG=1",
					"$(inherited)",
				);
				GCC_WARN_64_TO_32_BIT_CONVERSION = YES;
				GCC_WARN_ABOUT_RETURN_TYPE = YES_ERROR;
				GCC_WARN_UNDECLARED_SELECTOR = YES;
				GCC_WARN_UNINITIALIZED_AUTOS = YES_AGGRESSIVE;
				GCC_WARN_UNUSED_FUNCTION = YES;
				GCC_WARN_UNUSED_VARIABLE = YES;
				IPHONEOS_DEPLOYMENT_TARGET = 10.0;
				MTL_ENABLE_DEBUG_INFO = YES;
				ONLY_ACTIVE_ARCH = YES;
				SDKROOT = iphoneos;
				SWIFT_ACTIVE_COMPILATION_CONDITIONS = DEBUG;
				SWIFT_OPTIMIZATION_LEVEL = "-Onone";
			};
			name = Debug;
		};
		F840A5F81D945CF9009325F7 /* Release */ = {
			isa = XCBuildConfiguration;
			buildSettings = {
				ALWAYS_SEARCH_USER_PATHS = NO;
				CLANG_ANALYZER_NONNULL = YES;
				CLANG_CXX_LANGUAGE_STANDARD = "gnu++0x";
				CLANG_CXX_LIBRARY = "libc++";
				CLANG_ENABLE_MODULES = YES;
				CLANG_ENABLE_OBJC_ARC = YES;
				CLANG_WARN_BLOCK_CAPTURE_AUTORELEASING = YES;
				CLANG_WARN_BOOL_CONVERSION = YES;
				CLANG_WARN_COMMA = YES;
				CLANG_WARN_CONSTANT_CONVERSION = YES;
				CLANG_WARN_DIRECT_OBJC_ISA_USAGE = YES_ERROR;
				CLANG_WARN_DOCUMENTATION_COMMENTS = YES;
				CLANG_WARN_EMPTY_BODY = YES;
				CLANG_WARN_ENUM_CONVERSION = YES;
				CLANG_WARN_INFINITE_RECURSION = YES;
				CLANG_WARN_INT_CONVERSION = YES;
				CLANG_WARN_NON_LITERAL_NULL_CONVERSION = YES;
				CLANG_WARN_OBJC_LITERAL_CONVERSION = YES;
				CLANG_WARN_OBJC_ROOT_CLASS = YES_ERROR;
				CLANG_WARN_RANGE_LOOP_ANALYSIS = YES;
				CLANG_WARN_STRICT_PROTOTYPES = YES;
				CLANG_WARN_SUSPICIOUS_MOVE = YES;
				CLANG_WARN_SUSPICIOUS_MOVES = YES;
				CLANG_WARN_UNREACHABLE_CODE = YES;
				CLANG_WARN__DUPLICATE_METHOD_MATCH = YES;
				"CODE_SIGN_IDENTITY[sdk=iphoneos*]" = "iPhone Developer";
				COPY_PHASE_STRIP = NO;
				DEBUG_INFORMATION_FORMAT = "dwarf-with-dsym";
				ENABLE_NS_ASSERTIONS = NO;
				ENABLE_STRICT_OBJC_MSGSEND = YES;
				GCC_C_LANGUAGE_STANDARD = gnu99;
				GCC_NO_COMMON_BLOCKS = YES;
				GCC_WARN_64_TO_32_BIT_CONVERSION = YES;
				GCC_WARN_ABOUT_RETURN_TYPE = YES_ERROR;
				GCC_WARN_UNDECLARED_SELECTOR = YES;
				GCC_WARN_UNINITIALIZED_AUTOS = YES_AGGRESSIVE;
				GCC_WARN_UNUSED_FUNCTION = YES;
				GCC_WARN_UNUSED_VARIABLE = YES;
				IPHONEOS_DEPLOYMENT_TARGET = 10.0;
				MTL_ENABLE_DEBUG_INFO = NO;
				SDKROOT = iphoneos;
				SWIFT_OPTIMIZATION_LEVEL = "-Owholemodule";
				VALIDATE_PRODUCT = YES;
			};
			name = Release;
		};
		F840A5FA1D945CF9009325F7 /* Debug */ = {
			isa = XCBuildConfiguration;
			baseConfigurationReference = 4671AAD6943F2BAA1621D609 /* Pods-Premier.debug.xcconfig */;
			buildSettings = {
				ASSETCATALOG_COMPILER_APPICON_NAME = AppIcon;
				DEVELOPMENT_TEAM = P8EBW8LF2M;
				INFOPLIST_FILE = "$(SRCROOT)/Premier/Resources/Info.plist";
				IPHONEOS_DEPLOYMENT_TARGET = 9.3;
				LD_RUNPATH_SEARCH_PATHS = "$(inherited) @executable_path/Frameworks";
				PRODUCT_BUNDLE_IDENTIFIER = info.iltercengiz.iOS.Premier;
				PRODUCT_NAME = "$(TARGET_NAME)";
				SWIFT_SWIFT3_OBJC_INFERENCE = On;
				SWIFT_VERSION = 4.0;
			};
			name = Debug;
		};
		F840A5FB1D945CF9009325F7 /* Release */ = {
			isa = XCBuildConfiguration;
			baseConfigurationReference = A9A628F1EEE9F0A9AF05E95A /* Pods-Premier.release.xcconfig */;
			buildSettings = {
				ASSETCATALOG_COMPILER_APPICON_NAME = AppIcon;
				DEVELOPMENT_TEAM = P8EBW8LF2M;
				INFOPLIST_FILE = "$(SRCROOT)/Premier/Resources/Info.plist";
				IPHONEOS_DEPLOYMENT_TARGET = 9.3;
				LD_RUNPATH_SEARCH_PATHS = "$(inherited) @executable_path/Frameworks";
				PRODUCT_BUNDLE_IDENTIFIER = info.iltercengiz.iOS.Premier;
				PRODUCT_NAME = "$(TARGET_NAME)";
				SWIFT_SWIFT3_OBJC_INFERENCE = On;
				SWIFT_VERSION = 4.0;
			};
			name = Release;
		};
		F840A5FD1D945CF9009325F7 /* Debug */ = {
			isa = XCBuildConfiguration;
			baseConfigurationReference = 915168ADC2B9640231723EF1 /* Pods-PremierTests.debug.xcconfig */;
			buildSettings = {
				ALWAYS_EMBED_SWIFT_STANDARD_LIBRARIES = YES;
				BUNDLE_LOADER = "$(TEST_HOST)";
				INFOPLIST_FILE = PremierTests/Resources/Info.plist;
				LD_RUNPATH_SEARCH_PATHS = "$(inherited) @executable_path/Frameworks @loader_path/Frameworks";
				PRODUCT_BUNDLE_IDENTIFIER = info.iltercengiz.iOS.PremierTests;
				PRODUCT_NAME = "$(TARGET_NAME)";
				SWIFT_SWIFT3_OBJC_INFERENCE = On;
				SWIFT_VERSION = 4.0;
				TEST_HOST = "$(BUILT_PRODUCTS_DIR)/Premier.app/Premier";
			};
			name = Debug;
		};
		F840A5FE1D945CF9009325F7 /* Release */ = {
			isa = XCBuildConfiguration;
			baseConfigurationReference = E925227E19917BBF061A151E /* Pods-PremierTests.release.xcconfig */;
			buildSettings = {
				ALWAYS_EMBED_SWIFT_STANDARD_LIBRARIES = YES;
				BUNDLE_LOADER = "$(TEST_HOST)";
				INFOPLIST_FILE = PremierTests/Resources/Info.plist;
				LD_RUNPATH_SEARCH_PATHS = "$(inherited) @executable_path/Frameworks @loader_path/Frameworks";
				PRODUCT_BUNDLE_IDENTIFIER = info.iltercengiz.iOS.PremierTests;
				PRODUCT_NAME = "$(TARGET_NAME)";
				SWIFT_SWIFT3_OBJC_INFERENCE = On;
				SWIFT_VERSION = 4.0;
				TEST_HOST = "$(BUILT_PRODUCTS_DIR)/Premier.app/Premier";
			};
			name = Release;
		};
/* End XCBuildConfiguration section */

/* Begin XCConfigurationList section */
		F840A5D71D945CF8009325F7 /* Build configuration list for PBXProject "Premier" */ = {
			isa = XCConfigurationList;
			buildConfigurations = (
				F840A5F71D945CF9009325F7 /* Debug */,
				F840A5F81D945CF9009325F7 /* Release */,
			);
			defaultConfigurationIsVisible = 0;
			defaultConfigurationName = Release;
		};
		F840A5F91D945CF9009325F7 /* Build configuration list for PBXNativeTarget "Premier" */ = {
			isa = XCConfigurationList;
			buildConfigurations = (
				F840A5FA1D945CF9009325F7 /* Debug */,
				F840A5FB1D945CF9009325F7 /* Release */,
			);
			defaultConfigurationIsVisible = 0;
			defaultConfigurationName = Release;
		};
		F840A5FC1D945CF9009325F7 /* Build configuration list for PBXNativeTarget "PremierTests" */ = {
			isa = XCConfigurationList;
			buildConfigurations = (
				F840A5FD1D945CF9009325F7 /* Debug */,
				F840A5FE1D945CF9009325F7 /* Release */,
			);
			defaultConfigurationIsVisible = 0;
			defaultConfigurationName = Release;
		};
/* End XCConfigurationList section */
	};
	rootObject = F840A5D41D945CF8009325F7 /* Project object */;
}
